{
  "name": "nodeapi",
  "version": "1.0.0",
  "lockfileVersion": 1,
  "requires": true,
  "dependencies": {
    "hello_test_ducenand": {
      "version": "1.0.0",
      "resolved": "https://registry.npmjs.org/hello_test_ducenand/-/hello_test_ducenand-1.0.0.tgz",
      "integrity": "sha512-CjznIsiOU6DDGvyBtJpKuaXo4RxCXscymtlHm1tzEfxVTamFv2QvFXFJgKZAGggaa8voBN6ttHD9QdLu1alJ0Q=="
    },
    "math": {
      "version": "0.0.3",
      "resolved": "http://registry.npm.taobao.org/math/download/math-0.0.3.tgz",
      "integrity": "sha1-hbAg/VTOELJqvqv81+H0vbxGRw8="
    }
  }
}
