{
  "name": "nodeapi",
  "version": "1.0.0",
  "lockfileVersion": 1,
  "requires": true,
  "dependencies": {
    "hello_test_ducenand": {
      "version": "1.0.0",
      "resolved": "https://registry.npmjs.org/hello_test_ducenand/-/hello_test_ducenand-1.0.0.tgz",
      "integrity": "sha512-CjznIsiOU6DDGvyBtJpKuaXo4RxCXscymtlHm1tzEfxVTamFv2QvFXFJgKZAGggaa8voBN6ttHD9QdLu1alJ0Q=="
    },
    "iconv": {
      "version": "2.3.0",
      "resolved": "http://registry.npm.taobao.org/iconv/download/iconv-2.3.0.tgz",
      "integrity": "sha1-lzmIfCvUktml4jbdNmfFNYYBIBs=",
      "requires": {
        "nan": "2.10.0"
      }
    },
    "iconv-lite": {
      "version": "0.4.19",
      "resolved": "http://registry.npm.taobao.org/iconv-lite/download/iconv-lite-0.4.19.tgz",
      "integrity": "sha1-90aPYBNfXl2tM5nAqBvpoWA6CCs="
    },
    "math": {
      "version": "0.0.3",
      "resolved": "http://registry.npm.taobao.org/math/download/math-0.0.3.tgz",
      "integrity": "sha1-hbAg/VTOELJqvqv81+H0vbxGRw8="
    },
    "nan": {
      "version": "2.10.0",
      "resolved": "http://registry.npm.taobao.org/nan/download/nan-2.10.0.tgz",
      "integrity": "sha1-ltDNYQ69WNS03pzAxoKM2pnHVI8="
    }
  }
}
